
Microsoft Visual Studio Solution File, Format Version 12.00
# Visual Studio Version 16
VisualStudioVersion = 16.0.30011.22
MinimumVisualStudioVersion = 10.0.40219.1
Project("{FAE04EC0-301F-11D3-BF4B-00C04F79EFBC}") = "Test_applicat", "Test_applicat.csproj", "{7C622A10-6B1B-4343-8EFF-DA0B322BDE23}"
EndProject
Global
	GlobalSection(SolutionConfigurationPlatforms) = preSolution
		Debug|Any CPU = Debug|Any CPU
		Release|Any CPU = Release|Any CPU
	EndGlobalSection
	GlobalSection(ProjectConfigurationPlatforms) = postSolution
		{7C622A10-6B1B-4343-8EFF-DA0B322BDE23}.Debug|Any CPU.ActiveCfg = Debug|Any CPU
		{7C622A10-6B1B-4343-8EFF-DA0B322BDE23}.Debug|Any CPU.Build.0 = Debug|Any CPU
		{7C622A10-6B1B-4343-8EFF-DA0B322BDE23}.Release|Any CPU.ActiveCfg = Release|Any CPU
		{7C622A10-6B1B-4343-8EFF-DA0B322BDE23}.Release|Any CPU.Build.0 = Release|Any CPU
	EndGlobalSection
	GlobalSection(SolutionProperties) = preSolution
		HideSolutionNode = FALSE
	EndGlobalSection
	GlobalSection(ExtensibilityGlobals) = postSolution
		SolutionGuid = {E9234BF6-9318-4CBE-AC54-117706835877}
	EndGlobalSection
EndGlobal
